
Microsoft Visual Studio Solution File, Format Version 12.00
# Visual Studio Version 17
VisualStudioVersion = 17.0.31903.59
MinimumVisualStudioVersion = 10.0.40219.1
Project("{2150E333-8FDC-42A3-9474-1A3956D46DE8}") = "src", "src", "{827E0CD3-B72D-47B6-A68D-7590B98EB39B}"
EndProject
Project("{FAE04EC0-301F-11D3-BF4B-00C04F79EFBC}") = "JobWay.Domain", "src\JobWay.Domain\JobWay.Domain.csproj", "{61540523-388D-4D37-8FFA-31A77CB2E1B9}"
EndProject
Project("{FAE04EC0-301F-11D3-BF4B-00C04F79EFBC}") = "JobWay.Application", "src\JobWay.Application\JobWay.Application.csproj", "{3FF3A40B-996E-45EC-878C-381C00B681E4}"
EndProject
Project("{FAE04EC0-301F-11D3-BF4B-00C04F79EFBC}") = "JobWay.Infrastructure", "src\JobWay.Infrastructure\JobWay.Infrastructure.csproj", "{06376612-0D0F-4A67-87C5-3FF9E4B13893}"
EndProject
Project("{FAE04EC0-301F-11D3-BF4B-00C04F79EFBC}") = "JobWay.API", "src\JobWay.API\JobWay.API.csproj", "{C3F0A393-ED36-495D-9CAF-1A2F0617A765}"
EndProject
Project("{2150E333-8FDC-42A3-9474-1A3956D46DE8}") = "tests", "tests", "{0AB3BF05-4346-4AA6-1389-037BE0695223}"
EndProject
Project("{FAE04EC0-301F-11D3-BF4B-00C04F79EFBC}") = "JobWay.UnitTests", "tests\JobWay.UnitTests\JobWay.UnitTests.csproj", "{DA2E4331-267E-4C18-AC30-3ED77907CEA1}"
EndProject
Project("{FAE04EC0-301F-11D3-BF4B-00C04F79EFBC}") = "JobWay.IntegrationTests", "tests\JobWay.IntegrationTests\JobWay.IntegrationTests.csproj", "{A0A43AF4-61F6-4705-9067-D401FF7FBF31}"
EndProject
Global
	GlobalSection(SolutionConfigurationPlatforms) = preSolution
		Debug|Any CPU = Debug|Any CPU
		Debug|x64 = Debug|x64
		Debug|x86 = Debug|x86
		Release|Any CPU = Release|Any CPU
		Release|x64 = Release|x64
		Release|x86 = Release|x86
	EndGlobalSection
	GlobalSection(ProjectConfigurationPlatforms) = postSolution
		{61540523-388D-4D37-8FFA-31A77CB2E1B9}.Debug|Any CPU.ActiveCfg = Debug|Any CPU
		{61540523-388D-4D37-8FFA-31A77CB2E1B9}.Debug|Any CPU.Build.0 = Debug|Any CPU
		{61540523-388D-4D37-8FFA-31A77CB2E1B9}.Debug|x64.ActiveCfg = Debug|Any CPU
		{61540523-388D-4D37-8FFA-31A77CB2E1B9}.Debug|x64.Build.0 = Debug|Any CPU
		{61540523-388D-4D37-8FFA-31A77CB2E1B9}.Debug|x86.ActiveCfg = Debug|Any CPU
		{61540523-388D-4D37-8FFA-31A77CB2E1B9}.Debug|x86.Build.0 = Debug|Any CPU
		{61540523-388D-4D37-8FFA-31A77CB2E1B9}.Release|Any CPU.ActiveCfg = Release|Any CPU
		{61540523-388D-4D37-8FFA-31A77CB2E1B9}.Release|Any CPU.Build.0 = Release|Any CPU
		{61540523-388D-4D37-8FFA-31A77CB2E1B9}.Release|x64.ActiveCfg = Release|Any CPU
		{61540523-388D-4D37-8FFA-31A77CB2E1B9}.Release|x64.Build.0 = Release|Any CPU
		{61540523-388D-4D37-8FFA-31A77CB2E1B9}.Release|x86.ActiveCfg = Release|Any CPU
		{61540523-388D-4D37-8FFA-31A77CB2E1B9}.Release|x86.Build.0 = Release|Any CPU
		{3FF3A40B-996E-45EC-878C-381C00B681E4}.Debug|Any CPU.ActiveCfg = Debug|Any CPU
		{3FF3A40B-996E-45EC-878C-381C00B681E4}.Debug|Any CPU.Build.0 = Debug|Any CPU
		{3FF3A40B-996E-45EC-878C-381C00B681E4}.Debug|x64.ActiveCfg = Debug|Any CPU
		{3FF3A40B-996E-45EC-878C-381C00B681E4}.Debug|x64.Build.0 = Debug|Any CPU
		{3FF3A40B-996E-45EC-878C-381C00B681E4}.Debug|x86.ActiveCfg = Debug|Any CPU
		{3FF3A40B-996E-45EC-878C-381C00B681E4}.Debug|x86.Build.0 = Debug|Any CPU
		{3FF3A40B-996E-45EC-878C-381C00B681E4}.Release|Any CPU.ActiveCfg = Release|Any CPU
		{3FF3A40B-996E-45EC-878C-381C00B681E4}.Release|Any CPU.Build.0 = Release|Any CPU
		{3FF3A40B-996E-45EC-878C-381C00B681E4}.Release|x64.ActiveCfg = Release|Any CPU
		{3FF3A40B-996E-45EC-878C-381C00B681E4}.Release|x64.Build.0 = Release|Any CPU
		{3FF3A40B-996E-45EC-878C-381C00B681E4}.Release|x86.ActiveCfg = Release|Any CPU
		{3FF3A40B-996E-45EC-878C-381C00B681E4}.Release|x86.Build.0 = Release|Any CPU
		{06376612-0D0F-4A67-87C5-3FF9E4B13893}.Debug|Any CPU.ActiveCfg = Debug|Any CPU
		{06376612-0D0F-4A67-87C5-3FF9E4B13893}.Debug|Any CPU.Build.0 = Debug|Any CPU
		{06376612-0D0F-4A67-87C5-3FF9E4B13893}.Debug|x64.ActiveCfg = Debug|Any CPU
		{06376612-0D0F-4A67-87C5-3FF9E4B13893}.Debug|x64.Build.0 = Debug|Any CPU
		{06376612-0D0F-4A67-87C5-3FF9E4B13893}.Debug|x86.ActiveCfg = Debug|Any CPU
		{06376612-0D0F-4A67-87C5-3FF9E4B13893}.Debug|x86.Build.0 = Debug|Any CPU
		{06376612-0D0F-4A67-87C5-3FF9E4B13893}.Release|Any CPU.ActiveCfg = Release|Any CPU
		{06376612-0D0F-4A67-87C5-3FF9E4B13893}.Release|Any CPU.Build.0 = Release|Any CPU
		{06376612-0D0F-4A67-87C5-3FF9E4B13893}.Release|x64.ActiveCfg = Release|Any CPU
		{06376612-0D0F-4A67-87C5-3FF9E4B13893}.Release|x64.Build.0 = Release|Any CPU
		{06376612-0D0F-4A67-87C5-3FF9E4B13893}.Release|x86.ActiveCfg = Release|Any CPU
		{06376612-0D0F-4A67-87C5-3FF9E4B13893}.Release|x86.Build.0 = Release|Any CPU
		{C3F0A393-ED36-495D-9CAF-1A2F0617A765}.Debug|Any CPU.ActiveCfg = Debug|Any CPU
		{C3F0A393-ED36-495D-9CAF-1A2F0617A765}.Debug|Any CPU.Build.0 = Debug|Any CPU
		{C3F0A393-ED36-495D-9CAF-1A2F0617A765}.Debug|x64.ActiveCfg = Debug|Any CPU
		{C3F0A393-ED36-495D-9CAF-1A2F0617A765}.Debug|x64.Build.0 = Debug|Any CPU
		{C3F0A393-ED36-495D-9CAF-1A2F0617A765}.Debug|x86.ActiveCfg = Debug|Any CPU
		{C3F0A393-ED36-495D-9CAF-1A2F0617A765}.Debug|x86.Build.0 = Debug|Any CPU
		{C3F0A393-ED36-495D-9CAF-1A2F0617A765}.Release|Any CPU.ActiveCfg = Release|Any CPU
		{C3F0A393-ED36-495D-9CAF-1A2F0617A765}.Release|Any CPU.Build.0 = Release|Any CPU
		{C3F0A393-ED36-495D-9CAF-1A2F0617A765}.Release|x64.ActiveCfg = Release|Any CPU
		{C3F0A393-ED36-495D-9CAF-1A2F0617A765}.Release|x64.Build.0 = Release|Any CPU
		{C3F0A393-ED36-495D-9CAF-1A2F0617A765}.Release|x86.ActiveCfg = Release|Any CPU
		{C3F0A393-ED36-495D-9CAF-1A2F0617A765}.Release|x86.Build.0 = Release|Any CPU
		{DA2E4331-267E-4C18-AC30-3ED77907CEA1}.Debug|Any CPU.ActiveCfg = Debug|Any CPU
		{DA2E4331-267E-4C18-AC30-3ED77907CEA1}.Debug|Any CPU.Build.0 = Debug|Any CPU
		{DA2E4331-267E-4C18-AC30-3ED77907CEA1}.Debug|x64.ActiveCfg = Debug|Any CPU
		{DA2E4331-267E-4C18-AC30-3ED77907CEA1}.Debug|x64.Build.0 = Debug|Any CPU
		{DA2E4331-267E-4C18-AC30-3ED77907CEA1}.Debug|x86.ActiveCfg = Debug|Any CPU
		{DA2E4331-267E-4C18-AC30-3ED77907CEA1}.Debug|x86.Build.0 = Debug|Any CPU
		{DA2E4331-267E-4C18-AC30-3ED77907CEA1}.Release|Any CPU.ActiveCfg = Release|Any CPU
		{DA2E4331-267E-4C18-AC30-3ED77907CEA1}.Release|Any CPU.Build.0 = Release|Any CPU
		{DA2E4331-267E-4C18-AC30-3ED77907CEA1}.Release|x64.ActiveCfg = Release|Any CPU
		{DA2E4331-267E-4C18-AC30-3ED77907CEA1}.Release|x64.Build.0 = Release|Any CPU
		{DA2E4331-267E-4C18-AC30-3ED77907CEA1}.Release|x86.ActiveCfg = Release|Any CPU
		{DA2E4331-267E-4C18-AC30-3ED77907CEA1}.Release|x86.Build.0 = Release|Any CPU
		{A0A43AF4-61F6-4705-9067-D401FF7FBF31}.Debug|Any CPU.ActiveCfg = Debug|Any CPU
		{A0A43AF4-61F6-4705-9067-D401FF7FBF31}.Debug|Any CPU.Build.0 = Debug|Any CPU
		{A0A43AF4-61F6-4705-9067-D401FF7FBF31}.Debug|x64.ActiveCfg = Debug|Any CPU
		{A0A43AF4-61F6-4705-9067-D401FF7FBF31}.Debug|x64.Build.0 = Debug|Any CPU
		{A0A43AF4-61F6-4705-9067-D401FF7FBF31}.Debug|x86.ActiveCfg = Debug|Any CPU
		{A0A43AF4-61F6-4705-9067-D401FF7FBF31}.Debug|x86.Build.0 = Debug|Any CPU
		{A0A43AF4-61F6-4705-9067-D401FF7FBF31}.Release|Any CPU.ActiveCfg = Release|Any CPU
		{A0A43AF4-61F6-4705-9067-D401FF7FBF31}.Release|Any CPU.Build.0 = Release|Any CPU
		{A0A43AF4-61F6-4705-9067-D401FF7FBF31}.Release|x64.ActiveCfg = Release|Any CPU
		{A0A43AF4-61F6-4705-9067-D401FF7FBF31}.Release|x64.Build.0 = Release|Any CPU
		{A0A43AF4-61F6-4705-9067-D401FF7FBF31}.Release|x86.ActiveCfg = Release|Any CPU
		{A0A43AF4-61F6-4705-9067-D401FF7FBF31}.Release|x86.Build.0 = Release|Any CPU
	EndGlobalSection
	GlobalSection(SolutionProperties) = preSolution
		HideSolutionNode = FALSE
	EndGlobalSection
	GlobalSection(NestedProjects) = preSolution
		{61540523-388D-4D37-8FFA-31A77CB2E1B9} = {827E0CD3-B72D-47B6-A68D-7590B98EB39B}
		{3FF3A40B-996E-45EC-878C-381C00B681E4} = {827E0CD3-B72D-47B6-A68D-7590B98EB39B}
		{06376612-0D0F-4A67-87C5-3FF9E4B13893} = {827E0CD3-B72D-47B6-A68D-7590B98EB39B}
		{C3F0A393-ED36-495D-9CAF-1A2F0617A765} = {827E0CD3-B72D-47B6-A68D-7590B98EB39B}
		{DA2E4331-267E-4C18-AC30-3ED77907CEA1} = {0AB3BF05-4346-4AA6-1389-037BE0695223}
		{A0A43AF4-61F6-4705-9067-D401FF7FBF31} = {0AB3BF05-4346-4AA6-1389-037BE0695223}
	EndGlobalSection
EndGlobal
